
Microsoft Visual Studio Solution File, Format Version 12.00
# Visual Studio 15
VisualStudioVersion = 15.0.26124.0
MinimumVisualStudioVersion = 15.0.26124.0
Project("{FAE04EC0-301F-11D3-BF4B-00C04F79EFBC}") = "API", "API\API.csproj", "{9B890B8D-54D2-411C-81AD-0FDC1CB889CA}"
EndProject
Project("{FAE04EC0-301F-11D3-BF4B-00C04F79EFBC}") = "Core", "Core\Core.csproj", "{A97681EC-01EF-4880-A596-960BF4AB248D}"
EndProject
Project("{FAE04EC0-301F-11D3-BF4B-00C04F79EFBC}") = "Infrastructure", "Infrastructure\Infrastructure.csproj", "{4B390E4E-A786-43DD-BA22-5B5FB522A3BF}"
EndProject
Global
	GlobalSection(SolutionConfigurationPlatforms) = preSolution
		Debug|Any CPU = Debug|Any CPU
		Debug|x64 = Debug|x64
		Debug|x86 = Debug|x86
		Release|Any CPU = Release|Any CPU
		Release|x64 = Release|x64
		Release|x86 = Release|x86
	EndGlobalSection
	GlobalSection(SolutionProperties) = preSolution
		HideSolutionNode = FALSE
	EndGlobalSection
	GlobalSection(ProjectConfigurationPlatforms) = postSolution
		{9B890B8D-54D2-411C-81AD-0FDC1CB889CA}.Debug|Any CPU.ActiveCfg = Debug|Any CPU
		{9B890B8D-54D2-411C-81AD-0FDC1CB889CA}.Debug|Any CPU.Build.0 = Debug|Any CPU
		{9B890B8D-54D2-411C-81AD-0FDC1CB889CA}.Debug|x64.ActiveCfg = Debug|Any CPU
		{9B890B8D-54D2-411C-81AD-0FDC1CB889CA}.Debug|x64.Build.0 = Debug|Any CPU
		{9B890B8D-54D2-411C-81AD-0FDC1CB889CA}.Debug|x86.ActiveCfg = Debug|Any CPU
		{9B890B8D-54D2-411C-81AD-0FDC1CB889CA}.Debug|x86.Build.0 = Debug|Any CPU
		{9B890B8D-54D2-411C-81AD-0FDC1CB889CA}.Release|Any CPU.ActiveCfg = Release|Any CPU
		{9B890B8D-54D2-411C-81AD-0FDC1CB889CA}.Release|Any CPU.Build.0 = Release|Any CPU
		{9B890B8D-54D2-411C-81AD-0FDC1CB889CA}.Release|x64.ActiveCfg = Release|Any CPU
		{9B890B8D-54D2-411C-81AD-0FDC1CB889CA}.Release|x64.Build.0 = Release|Any CPU
		{9B890B8D-54D2-411C-81AD-0FDC1CB889CA}.Release|x86.ActiveCfg = Release|Any CPU
		{9B890B8D-54D2-411C-81AD-0FDC1CB889CA}.Release|x86.Build.0 = Release|Any CPU
		{A97681EC-01EF-4880-A596-960BF4AB248D}.Debug|Any CPU.ActiveCfg = Debug|Any CPU
		{A97681EC-01EF-4880-A596-960BF4AB248D}.Debug|Any CPU.Build.0 = Debug|Any CPU
		{A97681EC-01EF-4880-A596-960BF4AB248D}.Debug|x64.ActiveCfg = Debug|Any CPU
		{A97681EC-01EF-4880-A596-960BF4AB248D}.Debug|x64.Build.0 = Debug|Any CPU
		{A97681EC-01EF-4880-A596-960BF4AB248D}.Debug|x86.ActiveCfg = Debug|Any CPU
		{A97681EC-01EF-4880-A596-960BF4AB248D}.Debug|x86.Build.0 = Debug|Any CPU
		{A97681EC-01EF-4880-A596-960BF4AB248D}.Release|Any CPU.ActiveCfg = Release|Any CPU
		{A97681EC-01EF-4880-A596-960BF4AB248D}.Release|Any CPU.Build.0 = Release|Any CPU
		{A97681EC-01EF-4880-A596-960BF4AB248D}.Release|x64.ActiveCfg = Release|Any CPU
		{A97681EC-01EF-4880-A596-960BF4AB248D}.Release|x64.Build.0 = Release|Any CPU
		{A97681EC-01EF-4880-A596-960BF4AB248D}.Release|x86.ActiveCfg = Release|Any CPU
		{A97681EC-01EF-4880-A596-960BF4AB248D}.Release|x86.Build.0 = Release|Any CPU
		{4B390E4E-A786-43DD-BA22-5B5FB522A3BF}.Debug|Any CPU.ActiveCfg = Debug|Any CPU
		{4B390E4E-A786-43DD-BA22-5B5FB522A3BF}.Debug|Any CPU.Build.0 = Debug|Any CPU
		{4B390E4E-A786-43DD-BA22-5B5FB522A3BF}.Debug|x64.ActiveCfg = Debug|Any CPU
		{4B390E4E-A786-43DD-BA22-5B5FB522A3BF}.Debug|x64.Build.0 = Debug|Any CPU
		{4B390E4E-A786-43DD-BA22-5B5FB522A3BF}.Debug|x86.ActiveCfg = Debug|Any CPU
		{4B390E4E-A786-43DD-BA22-5B5FB522A3BF}.Debug|x86.Build.0 = Debug|Any CPU
		{4B390E4E-A786-43DD-BA22-5B5FB522A3BF}.Release|Any CPU.ActiveCfg = Release|Any CPU
		{4B390E4E-A786-43DD-BA22-5B5FB522A3BF}.Release|Any CPU.Build.0 = Release|Any CPU
		{4B390E4E-A786-43DD-BA22-5B5FB522A3BF}.Release|x64.ActiveCfg = Release|Any CPU
		{4B390E4E-A786-43DD-BA22-5B5FB522A3BF}.Release|x64.Build.0 = Release|Any CPU
		{4B390E4E-A786-43DD-BA22-5B5FB522A3BF}.Release|x86.ActiveCfg = Release|Any CPU
		{4B390E4E-A786-43DD-BA22-5B5FB522A3BF}.Release|x86.Build.0 = Release|Any CPU
	EndGlobalSection
EndGlobal
